
Microsoft Visual Studio Solution File, Format Version 12.00
# Visual Studio 2013
VisualStudioVersion = 12.0.40629.0
MinimumVisualStudioVersion = 10.0.40219.1
Project("{2150E333-8FDC-42A3-9474-1A3956D46DE8}") = "TaskDay.Winform", "TaskDay.Winform", "{AA85EDB0-701D-4095-893E-54AAAD861D36}"
EndProject
Project("{2150E333-8FDC-42A3-9474-1A3956D46DE8}") = "TaskDay.Core", "TaskDay.Core", "{42C21F4C-18E0-4244-8927-43C4F1229309}"
EndProject
Project("{FAE04EC0-301F-11D3-BF4B-00C04F79EFBC}") = "TaskDay.Winform", "TaskDay.Winform\TaskDay.Winform.csproj", "{F5E24E11-8C27-4D33-AB2A-2A88F2C550E3}"
EndProject
Project("{FAE04EC0-301F-11D3-BF4B-00C04F79EFBC}") = "TaskDay.Core", "TaskDay.Core\TaskDay.Core.csproj", "{A6E2EFB4-074C-47B8-9ED5-6230FA3C8A7B}"
EndProject
Project("{2150E333-8FDC-42A3-9474-1A3956D46DE8}") = "TaskDay.Test", "TaskDay.Test", "{FA997579-FF1A-4E33-B591-D208C5FD34C2}"
EndProject
Project("{FAE04EC0-301F-11D3-BF4B-00C04F79EFBC}") = "TaskDay.Test", "TaskDay.Test\TaskDay.Test.csproj", "{E90CAC0C-8749-45DE-94B8-03CC017057B8}"
EndProject
Project("{2150E333-8FDC-42A3-9474-1A3956D46DE8}") = "TaskDay.UITest", "TaskDay.UITest", "{37E259C9-3078-4951-9A0D-2CD0D6936D84}"
EndProject
Project("{FAE04EC0-301F-11D3-BF4B-00C04F79EFBC}") = "MetroUI.Test", "MetroUI.Test\MetroUI.Test.csproj", "{066BA925-A6B5-41DD-8DFC-82282386EBCD}"
EndProject
Project("{2150E333-8FDC-42A3-9474-1A3956D46DE8}") = "TaskDay.Model", "TaskDay.Model", "{EEAE7F9F-5A4F-4901-94EB-C4B8C07D2992}"
EndProject
Project("{FAE04EC0-301F-11D3-BF4B-00C04F79EFBC}") = "TaskDay.Model", "TaskDay.Model\TaskDay.Model.csproj", "{B9C28DE2-D390-4BE5-B1F2-0518572D184C}"
EndProject
Global
	GlobalSection(SolutionConfigurationPlatforms) = preSolution
		Debug|Any CPU = Debug|Any CPU
		Release|Any CPU = Release|Any CPU
	EndGlobalSection
	GlobalSection(ProjectConfigurationPlatforms) = postSolution
		{F5E24E11-8C27-4D33-AB2A-2A88F2C550E3}.Debug|Any CPU.ActiveCfg = Debug|Any CPU
		{F5E24E11-8C27-4D33-AB2A-2A88F2C550E3}.Debug|Any CPU.Build.0 = Debug|Any CPU
		{F5E24E11-8C27-4D33-AB2A-2A88F2C550E3}.Release|Any CPU.ActiveCfg = Release|Any CPU
		{F5E24E11-8C27-4D33-AB2A-2A88F2C550E3}.Release|Any CPU.Build.0 = Release|Any CPU
		{A6E2EFB4-074C-47B8-9ED5-6230FA3C8A7B}.Debug|Any CPU.ActiveCfg = Debug|Any CPU
		{A6E2EFB4-074C-47B8-9ED5-6230FA3C8A7B}.Debug|Any CPU.Build.0 = Debug|Any CPU
		{A6E2EFB4-074C-47B8-9ED5-6230FA3C8A7B}.Release|Any CPU.ActiveCfg = Release|Any CPU
		{A6E2EFB4-074C-47B8-9ED5-6230FA3C8A7B}.Release|Any CPU.Build.0 = Release|Any CPU
		{E90CAC0C-8749-45DE-94B8-03CC017057B8}.Debug|Any CPU.ActiveCfg = Debug|Any CPU
		{E90CAC0C-8749-45DE-94B8-03CC017057B8}.Debug|Any CPU.Build.0 = Debug|Any CPU
		{E90CAC0C-8749-45DE-94B8-03CC017057B8}.Release|Any CPU.ActiveCfg = Release|Any CPU
		{E90CAC0C-8749-45DE-94B8-03CC017057B8}.Release|Any CPU.Build.0 = Release|Any CPU
		{066BA925-A6B5-41DD-8DFC-82282386EBCD}.Debug|Any CPU.ActiveCfg = Debug|Any CPU
		{066BA925-A6B5-41DD-8DFC-82282386EBCD}.Debug|Any CPU.Build.0 = Debug|Any CPU
		{066BA925-A6B5-41DD-8DFC-82282386EBCD}.Release|Any CPU.ActiveCfg = Release|Any CPU
		{066BA925-A6B5-41DD-8DFC-82282386EBCD}.Release|Any CPU.Build.0 = Release|Any CPU
		{B9C28DE2-D390-4BE5-B1F2-0518572D184C}.Debug|Any CPU.ActiveCfg = Debug|Any CPU
		{B9C28DE2-D390-4BE5-B1F2-0518572D184C}.Debug|Any CPU.Build.0 = Debug|Any CPU
		{B9C28DE2-D390-4BE5-B1F2-0518572D184C}.Release|Any CPU.ActiveCfg = Release|Any CPU
		{B9C28DE2-D390-4BE5-B1F2-0518572D184C}.Release|Any CPU.Build.0 = Release|Any CPU
	EndGlobalSection
	GlobalSection(SolutionProperties) = preSolution
		HideSolutionNode = FALSE
	EndGlobalSection
	GlobalSection(NestedProjects) = preSolution
		{F5E24E11-8C27-4D33-AB2A-2A88F2C550E3} = {AA85EDB0-701D-4095-893E-54AAAD861D36}
		{A6E2EFB4-074C-47B8-9ED5-6230FA3C8A7B} = {42C21F4C-18E0-4244-8927-43C4F1229309}
		{E90CAC0C-8749-45DE-94B8-03CC017057B8} = {FA997579-FF1A-4E33-B591-D208C5FD34C2}
		{066BA925-A6B5-41DD-8DFC-82282386EBCD} = {37E259C9-3078-4951-9A0D-2CD0D6936D84}
		{B9C28DE2-D390-4BE5-B1F2-0518572D184C} = {EEAE7F9F-5A4F-4901-94EB-C4B8C07D2992}
	EndGlobalSection
EndGlobal
