
Microsoft Visual Studio Solution File, Format Version 12.00
# Visual Studio 2013
VisualStudioVersion = 12.0.40629.0
MinimumVisualStudioVersion = 10.0.40219.1
Project("{2150E333-8FDC-42A3-9474-1A3956D46DE8}") = "TaskDay.Winform", "TaskDay.Winform", "{AA85EDB0-701D-4095-893E-54AAAD861D36}"
EndProject
Project("{2150E333-8FDC-42A3-9474-1A3956D46DE8}") = "TaskDay.Core", "TaskDay.Core", "{42C21F4C-18E0-4244-8927-43C4F1229309}"
EndProject
Project("{FAE04EC0-301F-11D3-BF4B-00C04F79EFBC}") = "TaskDay.Winform", "TaskDay.Winform\TaskDay.Winform.csproj", "{F5E24E11-8C27-4D33-AB2A-2A88F2C550E3}"
EndProject
Project("{2150E333-8FDC-42A3-9474-1A3956D46DE8}") = "TaskDay.Test", "TaskDay.Test", "{FA997579-FF1A-4E33-B591-D208C5FD34C2}"
EndProject
Project("{FAE04EC0-301F-11D3-BF4B-00C04F79EFBC}") = "TaskDay.Test", "TaskDay.Test\TaskDay.Test.csproj", "{E90CAC0C-8749-45DE-94B8-03CC017057B8}"
EndProject
Project("{FAE04EC0-301F-11D3-BF4B-00C04F79EFBC}") = "MetroUI.Test", "MetroUI.Test\MetroUI.Test.csproj", "{066BA925-A6B5-41DD-8DFC-82282386EBCD}"
EndProject
Project("{2150E333-8FDC-42A3-9474-1A3956D46DE8}") = "TaskDay.Model", "TaskDay.Model", "{EEAE7F9F-5A4F-4901-94EB-C4B8C07D2992}"
EndProject
Project("{FAE04EC0-301F-11D3-BF4B-00C04F79EFBC}") = "TaskDay.Model", "TaskDay.Model\TaskDay.Model.csproj", "{B9C28DE2-D390-4BE5-B1F2-0518572D184C}"
EndProject
Project("{FAE04EC0-301F-11D3-BF4B-00C04F79EFBC}") = "TaskDay.GeneralLibrary", "TaskDay.Library\TaskDay.GeneralLibrary.csproj", "{9340D023-31E8-4044-8952-1BD86A76E850}"
EndProject
Project("{FAE04EC0-301F-11D3-BF4B-00C04F79EFBC}") = "TaskDay.Core", "TaskDay.Core\TaskDay.Core.csproj", "{A6E2EFB4-074C-47B8-9ED5-6230FA3C8A7B}"
EndProject
Project("{FAE04EC0-301F-11D3-BF4B-00C04F79EFBC}") = "TaskDay.WPF", "TaskDay.WPF\TaskDay.WPF.csproj", "{10A5116C-440E-4F2C-BCA3-6AE86D6A6A81}"
EndProject
Project("{FAE04EC0-301F-11D3-BF4B-00C04F79EFBC}") = "TaskDay.WinCore", "TaskDay.WinCore\TaskDay.WinCore.csproj", "{13A385B7-F5D9-4FB4-B4D9-051DE5D775ED}"
EndProject
Project("{2150E333-8FDC-42A3-9474-1A3956D46DE8}") = "TaskDay.App", "TaskDay.App", "{EC538737-6C3B-4AAC-B6DE-20F3DB8B2DB1}"
EndProject
Project("{2150E333-8FDC-42A3-9474-1A3956D46DE8}") = "TaskDay.App", "TaskDay.App", "{6913894D-D7BC-4E8A-A649-6FEDBE5CD7D0}"
EndProject
Project("{D954291E-2A0B-460D-934E-DC6B0785DB48}") = "TaskDay.App.Shared", "TaskDay.App\TaskDay.App.Shared\TaskDay.App.Shared.shproj", "{848A7318-38CF-41C6-933F-7AF117CFFC23}"
EndProject
Project("{FAE04EC0-301F-11D3-BF4B-00C04F79EFBC}") = "TaskDay.App.Windows", "TaskDay.App\TaskDay.App.Windows\TaskDay.App.Windows.csproj", "{54BCE8AC-6840-49D1-8EC4-16B4CC1DC41D}"
EndProject
Project("{FAE04EC0-301F-11D3-BF4B-00C04F79EFBC}") = "TaskDay.App.WindowsPhone", "TaskDay.App\TaskDay.App.WindowsPhone\TaskDay.App.WindowsPhone.csproj", "{2F0C75EA-4649-4FEE-99D2-C5960FE38858}"
EndProject
Global
	GlobalSection(SharedMSBuildProjectFiles) = preSolution
		TaskDay.App\TaskDay.App.Shared\TaskDay.App.Shared.projitems*{2f0c75ea-4649-4fee-99d2-c5960fe38858}*SharedItemsImports = 4
		TaskDay.App\TaskDay.App.Shared\TaskDay.App.Shared.projitems*{848a7318-38cf-41c6-933f-7af117cffc23}*SharedItemsImports = 13
		TaskDay.App\TaskDay.App.Shared\TaskDay.App.Shared.projitems*{54bce8ac-6840-49d1-8ec4-16b4cc1dc41d}*SharedItemsImports = 4
	EndGlobalSection
	GlobalSection(SolutionConfigurationPlatforms) = preSolution
		Debug|Any CPU = Debug|Any CPU
		Debug|ARM = Debug|ARM
		Debug|x64 = Debug|x64
		Debug|x86 = Debug|x86
		Release|Any CPU = Release|Any CPU
		Release|ARM = Release|ARM
		Release|x64 = Release|x64
		Release|x86 = Release|x86
	EndGlobalSection
	GlobalSection(ProjectConfigurationPlatforms) = postSolution
		{F5E24E11-8C27-4D33-AB2A-2A88F2C550E3}.Debug|Any CPU.ActiveCfg = Debug|Any CPU
		{F5E24E11-8C27-4D33-AB2A-2A88F2C550E3}.Debug|Any CPU.Build.0 = Debug|Any CPU
		{F5E24E11-8C27-4D33-AB2A-2A88F2C550E3}.Debug|ARM.ActiveCfg = Debug|Any CPU
		{F5E24E11-8C27-4D33-AB2A-2A88F2C550E3}.Debug|x64.ActiveCfg = Debug|Any CPU
		{F5E24E11-8C27-4D33-AB2A-2A88F2C550E3}.Debug|x86.ActiveCfg = Debug|Any CPU
		{F5E24E11-8C27-4D33-AB2A-2A88F2C550E3}.Release|Any CPU.ActiveCfg = Release|Any CPU
		{F5E24E11-8C27-4D33-AB2A-2A88F2C550E3}.Release|Any CPU.Build.0 = Release|Any CPU
		{F5E24E11-8C27-4D33-AB2A-2A88F2C550E3}.Release|ARM.ActiveCfg = Release|Any CPU
		{F5E24E11-8C27-4D33-AB2A-2A88F2C550E3}.Release|x64.ActiveCfg = Release|Any CPU
		{F5E24E11-8C27-4D33-AB2A-2A88F2C550E3}.Release|x86.ActiveCfg = Release|Any CPU
		{E90CAC0C-8749-45DE-94B8-03CC017057B8}.Debug|Any CPU.ActiveCfg = Debug|Any CPU
		{E90CAC0C-8749-45DE-94B8-03CC017057B8}.Debug|Any CPU.Build.0 = Debug|Any CPU
		{E90CAC0C-8749-45DE-94B8-03CC017057B8}.Debug|ARM.ActiveCfg = Debug|Any CPU
		{E90CAC0C-8749-45DE-94B8-03CC017057B8}.Debug|x64.ActiveCfg = Debug|Any CPU
		{E90CAC0C-8749-45DE-94B8-03CC017057B8}.Debug|x86.ActiveCfg = Debug|Any CPU
		{E90CAC0C-8749-45DE-94B8-03CC017057B8}.Release|Any CPU.ActiveCfg = Release|Any CPU
		{E90CAC0C-8749-45DE-94B8-03CC017057B8}.Release|Any CPU.Build.0 = Release|Any CPU
		{E90CAC0C-8749-45DE-94B8-03CC017057B8}.Release|ARM.ActiveCfg = Release|Any CPU
		{E90CAC0C-8749-45DE-94B8-03CC017057B8}.Release|x64.ActiveCfg = Release|Any CPU
		{E90CAC0C-8749-45DE-94B8-03CC017057B8}.Release|x86.ActiveCfg = Release|Any CPU
		{066BA925-A6B5-41DD-8DFC-82282386EBCD}.Debug|Any CPU.ActiveCfg = Debug|Any CPU
		{066BA925-A6B5-41DD-8DFC-82282386EBCD}.Debug|Any CPU.Build.0 = Debug|Any CPU
		{066BA925-A6B5-41DD-8DFC-82282386EBCD}.Debug|ARM.ActiveCfg = Debug|Any CPU
		{066BA925-A6B5-41DD-8DFC-82282386EBCD}.Debug|x64.ActiveCfg = Debug|Any CPU
		{066BA925-A6B5-41DD-8DFC-82282386EBCD}.Debug|x86.ActiveCfg = Debug|Any CPU
		{066BA925-A6B5-41DD-8DFC-82282386EBCD}.Release|Any CPU.ActiveCfg = Release|Any CPU
		{066BA925-A6B5-41DD-8DFC-82282386EBCD}.Release|Any CPU.Build.0 = Release|Any CPU
		{066BA925-A6B5-41DD-8DFC-82282386EBCD}.Release|ARM.ActiveCfg = Release|Any CPU
		{066BA925-A6B5-41DD-8DFC-82282386EBCD}.Release|x64.ActiveCfg = Release|Any CPU
		{066BA925-A6B5-41DD-8DFC-82282386EBCD}.Release|x86.ActiveCfg = Release|Any CPU
		{B9C28DE2-D390-4BE5-B1F2-0518572D184C}.Debug|Any CPU.ActiveCfg = Debug|Any CPU
		{B9C28DE2-D390-4BE5-B1F2-0518572D184C}.Debug|Any CPU.Build.0 = Debug|Any CPU
		{B9C28DE2-D390-4BE5-B1F2-0518572D184C}.Debug|ARM.ActiveCfg = Debug|Any CPU
		{B9C28DE2-D390-4BE5-B1F2-0518572D184C}.Debug|x64.ActiveCfg = Debug|Any CPU
		{B9C28DE2-D390-4BE5-B1F2-0518572D184C}.Debug|x86.ActiveCfg = Debug|Any CPU
		{B9C28DE2-D390-4BE5-B1F2-0518572D184C}.Release|Any CPU.ActiveCfg = Release|Any CPU
		{B9C28DE2-D390-4BE5-B1F2-0518572D184C}.Release|Any CPU.Build.0 = Release|Any CPU
		{B9C28DE2-D390-4BE5-B1F2-0518572D184C}.Release|ARM.ActiveCfg = Release|Any CPU
		{B9C28DE2-D390-4BE5-B1F2-0518572D184C}.Release|x64.ActiveCfg = Release|Any CPU
		{B9C28DE2-D390-4BE5-B1F2-0518572D184C}.Release|x86.ActiveCfg = Release|Any CPU
		{9340D023-31E8-4044-8952-1BD86A76E850}.Debug|Any CPU.ActiveCfg = Debug|Any CPU
		{9340D023-31E8-4044-8952-1BD86A76E850}.Debug|Any CPU.Build.0 = Debug|Any CPU
		{9340D023-31E8-4044-8952-1BD86A76E850}.Debug|ARM.ActiveCfg = Debug|Any CPU
		{9340D023-31E8-4044-8952-1BD86A76E850}.Debug|x64.ActiveCfg = Debug|Any CPU
		{9340D023-31E8-4044-8952-1BD86A76E850}.Debug|x86.ActiveCfg = Debug|Any CPU
		{9340D023-31E8-4044-8952-1BD86A76E850}.Release|Any CPU.ActiveCfg = Release|Any CPU
		{9340D023-31E8-4044-8952-1BD86A76E850}.Release|Any CPU.Build.0 = Release|Any CPU
		{9340D023-31E8-4044-8952-1BD86A76E850}.Release|ARM.ActiveCfg = Release|Any CPU
		{9340D023-31E8-4044-8952-1BD86A76E850}.Release|x64.ActiveCfg = Release|Any CPU
		{9340D023-31E8-4044-8952-1BD86A76E850}.Release|x86.ActiveCfg = Release|Any CPU
		{A6E2EFB4-074C-47B8-9ED5-6230FA3C8A7B}.Debug|Any CPU.ActiveCfg = Debug|Any CPU
		{A6E2EFB4-074C-47B8-9ED5-6230FA3C8A7B}.Debug|Any CPU.Build.0 = Debug|Any CPU
		{A6E2EFB4-074C-47B8-9ED5-6230FA3C8A7B}.Debug|ARM.ActiveCfg = Debug|Any CPU
		{A6E2EFB4-074C-47B8-9ED5-6230FA3C8A7B}.Debug|x64.ActiveCfg = Debug|Any CPU
		{A6E2EFB4-074C-47B8-9ED5-6230FA3C8A7B}.Debug|x86.ActiveCfg = Debug|Any CPU
		{A6E2EFB4-074C-47B8-9ED5-6230FA3C8A7B}.Release|Any CPU.ActiveCfg = Release|Any CPU
		{A6E2EFB4-074C-47B8-9ED5-6230FA3C8A7B}.Release|Any CPU.Build.0 = Release|Any CPU
		{A6E2EFB4-074C-47B8-9ED5-6230FA3C8A7B}.Release|ARM.ActiveCfg = Release|Any CPU
		{A6E2EFB4-074C-47B8-9ED5-6230FA3C8A7B}.Release|x64.ActiveCfg = Release|Any CPU
		{A6E2EFB4-074C-47B8-9ED5-6230FA3C8A7B}.Release|x86.ActiveCfg = Release|Any CPU
		{10A5116C-440E-4F2C-BCA3-6AE86D6A6A81}.Debug|Any CPU.ActiveCfg = Debug|Any CPU
		{10A5116C-440E-4F2C-BCA3-6AE86D6A6A81}.Debug|Any CPU.Build.0 = Debug|Any CPU
		{10A5116C-440E-4F2C-BCA3-6AE86D6A6A81}.Debug|ARM.ActiveCfg = Debug|Any CPU
		{10A5116C-440E-4F2C-BCA3-6AE86D6A6A81}.Debug|x64.ActiveCfg = Debug|Any CPU
		{10A5116C-440E-4F2C-BCA3-6AE86D6A6A81}.Debug|x86.ActiveCfg = Debug|Any CPU
		{10A5116C-440E-4F2C-BCA3-6AE86D6A6A81}.Release|Any CPU.ActiveCfg = Release|Any CPU
		{10A5116C-440E-4F2C-BCA3-6AE86D6A6A81}.Release|Any CPU.Build.0 = Release|Any CPU
		{10A5116C-440E-4F2C-BCA3-6AE86D6A6A81}.Release|ARM.ActiveCfg = Release|Any CPU
		{10A5116C-440E-4F2C-BCA3-6AE86D6A6A81}.Release|x64.ActiveCfg = Release|Any CPU
		{10A5116C-440E-4F2C-BCA3-6AE86D6A6A81}.Release|x86.ActiveCfg = Release|Any CPU
		{13A385B7-F5D9-4FB4-B4D9-051DE5D775ED}.Debug|Any CPU.ActiveCfg = Debug|Any CPU
		{13A385B7-F5D9-4FB4-B4D9-051DE5D775ED}.Debug|Any CPU.Build.0 = Debug|Any CPU
		{13A385B7-F5D9-4FB4-B4D9-051DE5D775ED}.Debug|ARM.ActiveCfg = Debug|Any CPU
		{13A385B7-F5D9-4FB4-B4D9-051DE5D775ED}.Debug|x64.ActiveCfg = Debug|Any CPU
		{13A385B7-F5D9-4FB4-B4D9-051DE5D775ED}.Debug|x86.ActiveCfg = Debug|Any CPU
		{13A385B7-F5D9-4FB4-B4D9-051DE5D775ED}.Release|Any CPU.ActiveCfg = Release|Any CPU
		{13A385B7-F5D9-4FB4-B4D9-051DE5D775ED}.Release|Any CPU.Build.0 = Release|Any CPU
		{13A385B7-F5D9-4FB4-B4D9-051DE5D775ED}.Release|ARM.ActiveCfg = Release|Any CPU
		{13A385B7-F5D9-4FB4-B4D9-051DE5D775ED}.Release|x64.ActiveCfg = Release|Any CPU
		{13A385B7-F5D9-4FB4-B4D9-051DE5D775ED}.Release|x86.ActiveCfg = Release|Any CPU
		{54BCE8AC-6840-49D1-8EC4-16B4CC1DC41D}.Debug|Any CPU.ActiveCfg = Debug|Any CPU
		{54BCE8AC-6840-49D1-8EC4-16B4CC1DC41D}.Debug|Any CPU.Build.0 = Debug|Any CPU
		{54BCE8AC-6840-49D1-8EC4-16B4CC1DC41D}.Debug|Any CPU.Deploy.0 = Debug|Any CPU
		{54BCE8AC-6840-49D1-8EC4-16B4CC1DC41D}.Debug|ARM.ActiveCfg = Debug|ARM
		{54BCE8AC-6840-49D1-8EC4-16B4CC1DC41D}.Debug|ARM.Build.0 = Debug|ARM
		{54BCE8AC-6840-49D1-8EC4-16B4CC1DC41D}.Debug|ARM.Deploy.0 = Debug|ARM
		{54BCE8AC-6840-49D1-8EC4-16B4CC1DC41D}.Debug|x64.ActiveCfg = Debug|x64
		{54BCE8AC-6840-49D1-8EC4-16B4CC1DC41D}.Debug|x64.Build.0 = Debug|x64
		{54BCE8AC-6840-49D1-8EC4-16B4CC1DC41D}.Debug|x64.Deploy.0 = Debug|x64
		{54BCE8AC-6840-49D1-8EC4-16B4CC1DC41D}.Debug|x86.ActiveCfg = Debug|x86
		{54BCE8AC-6840-49D1-8EC4-16B4CC1DC41D}.Debug|x86.Build.0 = Debug|x86
		{54BCE8AC-6840-49D1-8EC4-16B4CC1DC41D}.Debug|x86.Deploy.0 = Debug|x86
		{54BCE8AC-6840-49D1-8EC4-16B4CC1DC41D}.Release|Any CPU.ActiveCfg = Release|Any CPU
		{54BCE8AC-6840-49D1-8EC4-16B4CC1DC41D}.Release|Any CPU.Build.0 = Release|Any CPU
		{54BCE8AC-6840-49D1-8EC4-16B4CC1DC41D}.Release|Any CPU.Deploy.0 = Release|Any CPU
		{54BCE8AC-6840-49D1-8EC4-16B4CC1DC41D}.Release|ARM.ActiveCfg = Release|ARM
		{54BCE8AC-6840-49D1-8EC4-16B4CC1DC41D}.Release|ARM.Build.0 = Release|ARM
		{54BCE8AC-6840-49D1-8EC4-16B4CC1DC41D}.Release|ARM.Deploy.0 = Release|ARM
		{54BCE8AC-6840-49D1-8EC4-16B4CC1DC41D}.Release|x64.ActiveCfg = Release|x64
		{54BCE8AC-6840-49D1-8EC4-16B4CC1DC41D}.Release|x64.Build.0 = Release|x64
		{54BCE8AC-6840-49D1-8EC4-16B4CC1DC41D}.Release|x64.Deploy.0 = Release|x64
		{54BCE8AC-6840-49D1-8EC4-16B4CC1DC41D}.Release|x86.ActiveCfg = Release|x86
		{54BCE8AC-6840-49D1-8EC4-16B4CC1DC41D}.Release|x86.Build.0 = Release|x86
		{54BCE8AC-6840-49D1-8EC4-16B4CC1DC41D}.Release|x86.Deploy.0 = Release|x86
		{2F0C75EA-4649-4FEE-99D2-C5960FE38858}.Debug|Any CPU.ActiveCfg = Debug|Any CPU
		{2F0C75EA-4649-4FEE-99D2-C5960FE38858}.Debug|Any CPU.Build.0 = Debug|Any CPU
		{2F0C75EA-4649-4FEE-99D2-C5960FE38858}.Debug|Any CPU.Deploy.0 = Debug|Any CPU
		{2F0C75EA-4649-4FEE-99D2-C5960FE38858}.Debug|ARM.ActiveCfg = Debug|ARM
		{2F0C75EA-4649-4FEE-99D2-C5960FE38858}.Debug|ARM.Build.0 = Debug|ARM
		{2F0C75EA-4649-4FEE-99D2-C5960FE38858}.Debug|ARM.Deploy.0 = Debug|ARM
		{2F0C75EA-4649-4FEE-99D2-C5960FE38858}.Debug|x64.ActiveCfg = Debug|Any CPU
		{2F0C75EA-4649-4FEE-99D2-C5960FE38858}.Debug|x86.ActiveCfg = Debug|x86
		{2F0C75EA-4649-4FEE-99D2-C5960FE38858}.Debug|x86.Build.0 = Debug|x86
		{2F0C75EA-4649-4FEE-99D2-C5960FE38858}.Debug|x86.Deploy.0 = Debug|x86
		{2F0C75EA-4649-4FEE-99D2-C5960FE38858}.Release|Any CPU.ActiveCfg = Release|Any CPU
		{2F0C75EA-4649-4FEE-99D2-C5960FE38858}.Release|Any CPU.Build.0 = Release|Any CPU
		{2F0C75EA-4649-4FEE-99D2-C5960FE38858}.Release|Any CPU.Deploy.0 = Release|Any CPU
		{2F0C75EA-4649-4FEE-99D2-C5960FE38858}.Release|ARM.ActiveCfg = Release|ARM
		{2F0C75EA-4649-4FEE-99D2-C5960FE38858}.Release|ARM.Build.0 = Release|ARM
		{2F0C75EA-4649-4FEE-99D2-C5960FE38858}.Release|ARM.Deploy.0 = Release|ARM
		{2F0C75EA-4649-4FEE-99D2-C5960FE38858}.Release|x64.ActiveCfg = Release|Any CPU
		{2F0C75EA-4649-4FEE-99D2-C5960FE38858}.Release|x86.ActiveCfg = Release|x86
		{2F0C75EA-4649-4FEE-99D2-C5960FE38858}.Release|x86.Build.0 = Release|x86
		{2F0C75EA-4649-4FEE-99D2-C5960FE38858}.Release|x86.Deploy.0 = Release|x86
	EndGlobalSection
	GlobalSection(SolutionProperties) = preSolution
		HideSolutionNode = FALSE
	EndGlobalSection
	GlobalSection(NestedProjects) = preSolution
		{F5E24E11-8C27-4D33-AB2A-2A88F2C550E3} = {AA85EDB0-701D-4095-893E-54AAAD861D36}
		{E90CAC0C-8749-45DE-94B8-03CC017057B8} = {FA997579-FF1A-4E33-B591-D208C5FD34C2}
		{066BA925-A6B5-41DD-8DFC-82282386EBCD} = {FA997579-FF1A-4E33-B591-D208C5FD34C2}
		{B9C28DE2-D390-4BE5-B1F2-0518572D184C} = {EEAE7F9F-5A4F-4901-94EB-C4B8C07D2992}
		{9340D023-31E8-4044-8952-1BD86A76E850} = {42C21F4C-18E0-4244-8927-43C4F1229309}
		{A6E2EFB4-074C-47B8-9ED5-6230FA3C8A7B} = {42C21F4C-18E0-4244-8927-43C4F1229309}
		{10A5116C-440E-4F2C-BCA3-6AE86D6A6A81} = {AA85EDB0-701D-4095-893E-54AAAD861D36}
		{13A385B7-F5D9-4FB4-B4D9-051DE5D775ED} = {42C21F4C-18E0-4244-8927-43C4F1229309}
		{6913894D-D7BC-4E8A-A649-6FEDBE5CD7D0} = {EC538737-6C3B-4AAC-B6DE-20F3DB8B2DB1}
		{848A7318-38CF-41C6-933F-7AF117CFFC23} = {6913894D-D7BC-4E8A-A649-6FEDBE5CD7D0}
		{54BCE8AC-6840-49D1-8EC4-16B4CC1DC41D} = {6913894D-D7BC-4E8A-A649-6FEDBE5CD7D0}
		{2F0C75EA-4649-4FEE-99D2-C5960FE38858} = {6913894D-D7BC-4E8A-A649-6FEDBE5CD7D0}
	EndGlobalSection
EndGlobal
